PODS:
  - Sourcery (1.3.4)
  - SwiftFormat/CLI (0.47.12)
  - SwiftGen (6.4.0)

DEPENDENCIES:
  - Sourcery
  - SwiftFormat/CLI
  - SwiftGen

SPEC REPOS:
  trunk:
    - Sourcery
    - SwiftFormat
    - SwiftGen

SPEC CHECKSUMS:
  Sourcery: 1b5b0f816fbed6d0c7c066786fff4074e470e796
  SwiftFormat: 68cac6de69aafb44b60ae49a919600966b0dcabe
  SwiftGen: 67860cc7c3cfc2ed25b9b74cfd55495fc89f9108

PODFILE CHECKSUM: 39795275dcbe74d2739c5d437fd6354a43f64051

COCOAPODS: 1.9.3
